<Solution>
  <Project Path="Altinn.Authorization.Api.Contracts/Altinn.Authorization.Api.Contracts.csproj" />
  <Project Path="digitalportal.client/digitalportal.client.esproj">
    <Build />
    <Deploy />
  </Project>
  <Project Path="DigitalPortal.Server/DigitalPortal.Server.csproj" />
</Solution>
